
Microsoft Visual Studio Solution File, Format Version 12.00
# Visual Studio 14
VisualStudioVersion = 14.0.24720.0
MinimumVisualStudioVersion = 10.0.40219.1
Project("{FAE04EC0-301F-11D3-BF4B-00C04F79EFBC}") = "MonitoringServer", "PFEred\MonitoringServer.csproj", "{7D8A5032-548F-4010-9D92-365D26113265}"
EndProject
Project("{FAE04EC0-301F-11D3-BF4B-00C04F79EFBC}") = "WcfServiceMonitoring", "..\WcfServiceMonitoringWeb\WcfServiceMonitoring\WcfServiceMonitoring.csproj", "{339A5D87-BB0B-46D2-9ABD-F40FE0E0F94E}"
EndProject
Global
	GlobalSection(SolutionConfigurationPlatforms) = preSolution
		Debug|Any CPU = Debug|Any CPU
		Release|Any CPU = Release|Any CPU
	EndGlobalSection
	GlobalSection(ProjectConfigurationPlatforms) = postSolution
		{7D8A5032-548F-4010-9D92-365D26113265}.Debug|Any CPU.ActiveCfg = Debug|Any CPU
		{7D8A5032-548F-4010-9D92-365D26113265}.Debug|Any CPU.Build.0 = Debug|Any CPU
		{7D8A5032-548F-4010-9D92-365D26113265}.Release|Any CPU.ActiveCfg = Release|Any CPU
		{7D8A5032-548F-4010-9D92-365D26113265}.Release|Any CPU.Build.0 = Release|Any CPU
		{339A5D87-BB0B-46D2-9ABD-F40FE0E0F94E}.Debug|Any CPU.ActiveCfg = Debug|Any CPU
		{339A5D87-BB0B-46D2-9ABD-F40FE0E0F94E}.Debug|Any CPU.Build.0 = Debug|Any CPU
		{339A5D87-BB0B-46D2-9ABD-F40FE0E0F94E}.Release|Any CPU.ActiveCfg = Release|Any CPU
		{339A5D87-BB0B-46D2-9ABD-F40FE0E0F94E}.Release|Any CPU.Build.0 = Release|Any CPU
	EndGlobalSection
	GlobalSection(SolutionProperties) = preSolution
		HideSolutionNode = FALSE
	EndGlobalSection
EndGlobal
